uuid: 34052caf-7d0a-4825-85d9-e6fb301c375a
langcode: en
status: true
dependencies:
  module:
    - pbc_groups
    - system
    - user
  theme:
    - cg
id: group_attendance_review_block
theme: cg
region: sidebar_second
weight: 0
provider: null
plugin: group_attendance_review_block
settings:
  id: broken
  label: 'Need to make edits?'
  provider: pbc_groups
  label_display: visible
visibility:
  request_path:
    id: request_path
    pages: '/group/*/attendance/*/finished'
    negate: false
    context_mapping: {  }
  user_role:
    id: user_role
    roles:
      authenticated: authenticated
    negate: false
    context_mapping:
      user: '@user.current_user_context:current_user'
